github.com/KarpelesLab/pjson v0.1.9 h1:JVmm61sLRVb+5YkUDacgM1FlB9CTOsCUhEvF+OzUMf0=
github.com/KarpelesLab/pjson v0.1.9/go.mod h1:gb4uSTld7I2kO2WvLdat1mN1brsS1hzSR+dWw1hL3iU=
github.com/KarpelesLab/rest v0.5.22 h1:mYWGskV/MqVQ69gExEIjUN8L3I9mj14ycAo+5gzotB8=
github.com/KarpelesLab/rest v0.5.22/go.mod h1:gyfOwg6NG8OWSNHj07rwr0VNKowSjJ7pgP/kNk4Lci4=
github.com/KarpelesLab/typutil v0.2.17 h1:x9dTshRQVeAtVvIN8XhK0PBdMPXEXrvj3B+e+ZFsAEk=
github.com/KarpelesLab/typutil v0.2.17/go.mod h1:AAFzwyeM5datR6N5pGy8VrihZacfVS4ktC+AKp3VIrQ=
github.com/KarpelesLab/webutil v0.2.2 h1:FsUwiLAjMDZj9zaSL4hzg2SWgJa9tQzM1A1w15RAGHw=
github.com/KarpelesLab/webutil v0.2.2/go.mod h1:AKTsmoimqwSdJHtZzBnvxcjQv3lgyw/GVJFVyXaDilU=
github.com/KarpelesLab/xuid v0.1.8 h1:GzqByiISkl7LvYQOymiFCoyk2qy+gVNJLZcWTN8NyiA=
github.com/KarpelesLab/xuid v0.1.8/go.mod h1:rkjxIJ8AwyRab6ywM2LIaqwt1eSrAG0nieb0VF8mFjE=
github.com/google/uuid v1.5.0 h1:1p67kYwdtXjb0gL0BPiP1Av9wiZPo5A8z2cWkTZ+eyU=
github.com/google/uuid v1.5.0/go.mod h1:TIyPZe4MgqvfeYDBFedMoGGpEw/LqOeaOT+nhxU+yHo=
